
Microsoft Visual Studio Solution File, Format Version 12.00
# Visual Studio Version 16
VisualStudioVersion = 16.0.31005.135
MinimumVisualStudioVersion = 10.0.40219.1
Project("{FAE04EC0-301F-11D3-BF4B-00C04F79EFBC}") = "AnimeService", "AnimeService.csproj", "{9EFDCCF3-387A-404B-93E8-1751BE164CB1}"
EndProject
Global
	GlobalSection(SolutionConfigurationPlatforms) = preSolution
		Debug|Any CPU = Debug|Any CPU
		Release|Any CPU = Release|Any CPU
	EndGlobalSection
	GlobalSection(ProjectConfigurationPlatforms) = postSolution
		{9EFDCCF3-387A-404B-93E8-1751BE164CB1}.Debug|Any CPU.ActiveCfg = Debug|Any CPU
		{9EFDCCF3-387A-404B-93E8-1751BE164CB1}.Debug|Any CPU.Build.0 = Debug|Any CPU
		{9EFDCCF3-387A-404B-93E8-1751BE164CB1}.Release|Any CPU.ActiveCfg = Release|Any CPU
		{9EFDCCF3-387A-404B-93E8-1751BE164CB1}.Release|Any CPU.Build.0 = Release|Any CPU
	EndGlobalSection
	GlobalSection(SolutionProperties) = preSolution
		HideSolutionNode = FALSE
	EndGlobalSection
	GlobalSection(ExtensibilityGlobals) = postSolution
		SolutionGuid = {5C02CD49-D1AB-4296-BC3B-2C8098408BB1}
	EndGlobalSection
EndGlobal
